
Microsoft Visual Studio Solution File, Format Version 12.00
# Visual Studio Version 17
VisualStudioVersion = 17.13.35825.156
MinimumVisualStudioVersion = 10.0.40219.1
Project("{FAE04EC0-301F-11D3-BF4B-00C04F79EFBC}") = "Projeto03_While", "Projeto03_While\Projeto03_While.csproj", "{E63617EF-EE98-4379-9F71-BCA38F07FCD5}"
EndProject
Project("{FAE04EC0-301F-11D3-BF4B-00C04F79EFBC}") = "Projeto04_DoWhile", "Projeto04_DoWhile\Projeto04_DoWhile.csproj", "{F1630DBD-DCCA-43A1-8990-1D48B588ED83}"
EndProject
Global
	GlobalSection(SolutionConfigurationPlatforms) = preSolution
		Debug|Any CPU = Debug|Any CPU
		Release|Any CPU = Release|Any CPU
	EndGlobalSection
	GlobalSection(ProjectConfigurationPlatforms) = postSolution
		{E63617EF-EE98-4379-9F71-BCA38F07FCD5}.Debug|Any CPU.ActiveCfg = Debug|Any CPU
		{E63617EF-EE98-4379-9F71-BCA38F07FCD5}.Debug|Any CPU.Build.0 = Debug|Any CPU
		{E63617EF-EE98-4379-9F71-BCA38F07FCD5}.Release|Any CPU.ActiveCfg = Release|Any CPU
		{E63617EF-EE98-4379-9F71-BCA38F07FCD5}.Release|Any CPU.Build.0 = Release|Any CPU
		{F1630DBD-DCCA-43A1-8990-1D48B588ED83}.Debug|Any CPU.ActiveCfg = Debug|Any CPU
		{F1630DBD-DCCA-43A1-8990-1D48B588ED83}.Debug|Any CPU.Build.0 = Debug|Any CPU
		{F1630DBD-DCCA-43A1-8990-1D48B588ED83}.Release|Any CPU.ActiveCfg = Release|Any CPU
		{F1630DBD-DCCA-43A1-8990-1D48B588ED83}.Release|Any CPU.Build.0 = Release|Any CPU
	EndGlobalSection
	GlobalSection(SolutionProperties) = preSolution
		HideSolutionNode = FALSE
	EndGlobalSection
	GlobalSection(ExtensibilityGlobals) = postSolution
		SolutionGuid = {83674E08-ADB0-4A0D-A5F0-C76668A30EF6}
	EndGlobalSection
EndGlobal
